// !$*UTF8*$!
{
	archiveVersion = 1;
	classes = {
	};
	objectVersion = 55;
	objects = {

/* Begin PBXBuildFile section */
		B63D651F27A12EC700BA92FB /* SearchScene.swift in Sources */ = {isa = PBXBuildFile; fileRef = B63D651E27A12EC700BA92FB /* SearchScene.swift */; };
		B63D652127A12ED400BA92FB /* SearchSceneInterface.swift in Sources */ = {isa = PBXBuildFile; fileRef = B63D652027A12ED400BA92FB /* SearchSceneInterface.swift */; };
		B63D652427A12FB900BA92FB /* SettingsScene.swift in Sources */ = {isa = PBXBuildFile; fileRef = B63D652327A12FB900BA92FB /* SettingsScene.swift */; };
		B63D652627A12FC400BA92FB /* SettingsSceneInterface.swift in Sources */ = {isa = PBXBuildFile; fileRef = B63D652527A12FC400BA92FB /* SettingsSceneInterface.swift */; };
		B63D652D27A130E500BA92FB /* NaverSearchAPI.swift in Sources */ = {isa = PBXBuildFile; fileRef = B63D652C27A130E500BA92FB /* NaverSearchAPI.swift */; };
		B63D653027A1347300BA92FB /* NaverShopSearchResult.swift in Sources */ = {isa = PBXBuildFile; fileRef = B63D652F27A1347300BA92FB /* NaverShopSearchResult.swift */; };
		B63D653427A1547400BA92FB /* SettingsSceneModel.swift in Sources */ = {isa = PBXBuildFile; fileRef = B63D653327A1547400BA92FB /* SettingsSceneModel.swift */; };
		B63D653627A1556800BA92FB /* SearchSceneModel.swift in Sources */ = {isa = PBXBuildFile; fileRef = B63D653527A1556800BA92FB /* SearchSceneModel.swift */; };
		B63D653927A16A8700BA92FB /* NaverShopSearch.swift in Sources */ = {isa = PBXBuildFile; fileRef = B63D653827A16A8700BA92FB /* NaverShopSearch.swift */; };
		B653207027A17C580084A7CD /* KeywordSection.swift in Sources */ = {isa = PBXBuildFile; fileRef = B653206F27A17C580084A7CD /* KeywordSection.swift */; };
		B653207227A17C620084A7CD /* SearchResultSection.swift in Sources */ = {isa = PBXBuildFile; fileRef = B653207127A17C620084A7CD /* SearchResultSection.swift */; };
		B667C79C27A12DBA00A6026A /* Naver_Shopping_CartApp.swift in Sources */ = {isa = PBXBuildFile; fileRef = B667C79B27A12DBA00A6026A /* Naver_Shopping_CartApp.swift */; };
		B667C7A027A12DBD00A6026A /* Assets.xcassets in Resources */ = {isa = PBXBuildFile; fileRef = B667C79F27A12DBD00A6026A /* Assets.xcassets */; };
		B667C7A327A12DBD00A6026A /* Preview Assets.xcassets in Resources */ = {isa = PBXBuildFile; fileRef = B667C7A227A12DBD00A6026A /* Preview Assets.xcassets */; };
/* End PBXBuildFile section */

/* Begin PBXFileReference section */
		B63D651E27A12EC700BA92FB /* SearchScene.swift */ = {isa = PBXFileReference; lastKnownFileType = sourcecode.swift; path = SearchScene.swift; sourceTree = "<group>"; };
		B63D652027A12ED400BA92FB /* SearchSceneInterface.swift */ = {isa = PBXFileReference; lastKnownFileType = sourcecode.swift; path = SearchSceneInterface.swift; sourceTree = "<group>"; };
		B63D652327A12FB900BA92FB /* SettingsScene.swift */ = {isa = PBXFileReference; lastKnownFileType = sourcecode.swift; path = SettingsScene.swift; sourceTree = "<group>"; };
		B63D652527A12FC400BA92FB /* SettingsSceneInterface.swift */ = {isa = PBXFileReference; lastKnownFileType = sourcecode.swift; path = SettingsSceneInterface.swift; sourceTree = "<group>"; };
		B63D652C27A130E500BA92FB /* NaverSearchAPI.swift */ = {isa = PBXFileReference; lastKnownFileType = sourcecode.swift; path = NaverSearchAPI.swift; sourceTree = "<group>"; };
		B63D652F27A1347300BA92FB /* NaverShopSearchResult.swift */ = {isa = PBXFileReference; lastKnownFileType = sourcecode.swift; path = NaverShopSearchResult.swift; sourceTree = "<group>"; };
		B63D653327A1547400BA92FB /* SettingsSceneModel.swift */ = {isa = PBXFileReference; lastKnownFileType = sourcecode.swift; path = SettingsSceneModel.swift; sourceTree = "<group>"; };
		B63D653527A1556800BA92FB /* SearchSceneModel.swift */ = {isa = PBXFileReference; lastKnownFileType = sourcecode.swift; path = SearchSceneModel.swift; sourceTree = "<group>"; };
		B63D653827A16A8700BA92FB /* NaverShopSearch.swift */ = {isa = PBXFileReference; lastKnownFileType = sourcecode.swift; path = NaverShopSearch.swift; sourceTree = "<group>"; };
		B653206F27A17C580084A7CD /* KeywordSection.swift */ = {isa = PBXFileReference; lastKnownFileType = sourcecode.swift; path = KeywordSection.swift; sourceTree = "<group>"; };
		B653207127A17C620084A7CD /* SearchResultSection.swift */ = {isa = PBXFileReference; lastKnownFileType = sourcecode.swift; path = SearchResultSection.swift; sourceTree = "<group>"; };
		B667C79827A12DBA00A6026A /* Naver_Shopping_Cart.app */ = {isa = PBXFileReference; explicitFileType = wrapper.application; includeInIndex = 0; path = Naver_Shopping_Cart.app; sourceTree = BUILT_PRODUCTS_DIR; };
		B667C79B27A12DBA00A6026A /* Naver_Shopping_CartApp.swift */ = {isa = PBXFileReference; lastKnownFileType = sourcecode.swift; path = Naver_Shopping_CartApp.swift; sourceTree = "<group>"; };
		B667C79F27A12DBD00A6026A /* Assets.xcassets */ = {isa = PBXFileReference; lastKnownFileType = folder.assetcatalog; path = Assets.xcassets; sourceTree = "<group>"; };
		B667C7A227A12DBD00A6026A /* Preview Assets.xcassets */ = {isa = PBXFileReference; lastKnownFileType = folder.assetcatalog; path = "Preview Assets.xcassets"; sourceTree = "<group>"; };
/* End PBXFileReference section */

/* Begin PBXFrameworksBuildPhase section */
		B667C79527A12DBA00A6026A /* Frameworks */ = {
			isa = PBXFrameworksBuildPhase;
			buildActionMask = 2147483647;
			files = (
			);
			runOnlyForDeploymentPostprocessing = 0;
		};
/* End PBXFrameworksBuildPhase section */

/* Begin PBXGroup section */
		B63D651D27A12EAA00BA92FB /* SearchScene */ = {
			isa = PBXGroup;
			children = (
				B653206E27A17C3D0084A7CD /* SubView */,
				B63D651E27A12EC700BA92FB /* SearchScene.swift */,
				B63D652027A12ED400BA92FB /* SearchSceneInterface.swift */,
				B63D653527A1556800BA92FB /* SearchSceneModel.swift */,
			);
			path = SearchScene;
			sourceTree = "<group>";
		};
		B63D652227A12F8F00BA92FB /* SettingsScene */ = {
			isa = PBXGroup;
			children = (
				B63D652327A12FB900BA92FB /* SettingsScene.swift */,
				B63D652527A12FC400BA92FB /* SettingsSceneInterface.swift */,
				B63D653327A1547400BA92FB /* SettingsSceneModel.swift */,
			);
			path = SettingsScene;
			sourceTree = "<group>";
		};
		B63D652827A1305100BA92FB /* Scene */ = {
			isa = PBXGroup;
			children = (
				B63D651D27A12EAA00BA92FB /* SearchScene */,
				B63D652227A12F8F00BA92FB /* SettingsScene */,
			);
			path = Scene;
			sourceTree = "<group>";
		};
		B63D652927A1307600BA92FB /* Service */ = {
			isa = PBXGroup;
			children = (
				B63D652A27A130AD00BA92FB /* NaverSearchAPI */,
			);
			path = Service;
			sourceTree = "<group>";
		};
		B63D652A27A130AD00BA92FB /* NaverSearchAPI */ = {
			isa = PBXGroup;
			children = (
				B63D652C27A130E500BA92FB /* NaverSearchAPI.swift */,
				B63D653A27A16BA300BA92FB /* NaverShopSearch */,
			);
			path = NaverSearchAPI;
			sourceTree = "<group>";
		};
		B63D653A27A16BA300BA92FB /* NaverShopSearch */ = {
			isa = PBXGroup;
			children = (
				B63D653827A16A8700BA92FB /* NaverShopSearch.swift */,
				B63D652F27A1347300BA92FB /* NaverShopSearchResult.swift */,
			);
			path = NaverShopSearch;
			sourceTree = "<group>";
		};
		B653206E27A17C3D0084A7CD /* SubView */ = {
			isa = PBXGroup;
			children = (
				B653206F27A17C580084A7CD /* KeywordSection.swift */,
				B653207127A17C620084A7CD /* SearchResultSection.swift */,
			);
			path = SubView;
			sourceTree = "<group>";
		};
		B667C78F27A12DBA00A6026A = {
			isa = PBXGroup;
			children = (
				B667C79A27A12DBA00A6026A /* Naver_Shopping_Cart */,
				B667C79927A12DBA00A6026A /* Products */,
			);
			sourceTree = "<group>";
		};
		B667C79927A12DBA00A6026A /* Products */ = {
			isa = PBXGroup;
			children = (
				B667C79827A12DBA00A6026A /* Naver_Shopping_Cart.app */,
			);
			name = Products;
			sourceTree = "<group>";
		};
		B667C79A27A12DBA00A6026A /* Naver_Shopping_Cart */ = {
			isa = PBXGroup;
			children = (
				B667C79B27A12DBA00A6026A /* Naver_Shopping_CartApp.swift */,
				B63D652927A1307600BA92FB /* Service */,
				B63D652827A1305100BA92FB /* Scene */,
				B667C79F27A12DBD00A6026A /* Assets.xcassets */,
				B667C7A127A12DBD00A6026A /* Preview Content */,
			);
			path = Naver_Shopping_Cart;
			sourceTree = "<group>";
		};
		B667C7A127A12DBD00A6026A /* Preview Content */ = {
			isa = PBXGroup;
			children = (
				B667C7A227A12DBD00A6026A /* Preview Assets.xcassets */,
			);
			path = "Preview Content";
			sourceTree = "<group>";
		};
/* End PBXGroup section */

/* Begin PBXNativeTarget section */
		B667C79727A12DBA00A6026A /* Naver_Shopping_Cart */ = {
			isa = PBXNativeTarget;
			buildConfigurationList = B667C7A627A12DBD00A6026A /* Build configuration list for PBXNativeTarget "Naver_Shopping_Cart" */;
			buildPhases = (
				B667C79427A12DBA00A6026A /* Sources */,
				B667C79527A12DBA00A6026A /* Frameworks */,
				B667C79627A12DBA00A6026A /* Resources */,
			);
			buildRules = (
			);
			dependencies = (
			);
			name = Naver_Shopping_Cart;
			productName = Naver_Shopping_Cart;
			productReference = B667C79827A12DBA00A6026A /* Naver_Shopping_Cart.app */;
			productType = "com.apple.product-type.application";
		};
/* End PBXNativeTarget section */

/* Begin PBXProject section */
		B667C79027A12DBA00A6026A /* Project object */ = {
			isa = PBXProject;
			attributes = {
				BuildIndependentTargetsInParallel = 1;
				LastSwiftUpdateCheck = 1320;
				LastUpgradeCheck = 1320;
				TargetAttributes = {
					B667C79727A12DBA00A6026A = {
						CreatedOnToolsVersion = 13.2;
					};
				};
			};
			buildConfigurationList = B667C79327A12DBA00A6026A /* Build configuration list for PBXProject "Naver_Shopping_Cart" */;
			compatibilityVersion = "Xcode 13.0";
			developmentRegion = en;
			hasScannedForEncodings = 0;
			knownRegions = (
				en,
				Base,
			);
			mainGroup = B667C78F27A12DBA00A6026A;
			productRefGroup = B667C79927A12DBA00A6026A /* Products */;
			projectDirPath = "";
			projectRoot = "";
			targets = (
				B667C79727A12DBA00A6026A /* Naver_Shopping_Cart */,
			);
		};
/* End PBXProject section */

/* Begin PBXResourcesBuildPhase section */
		B667C79627A12DBA00A6026A /* Resources */ = {
			isa = PBXResourcesBuildPhase;
			buildActionMask = 2147483647;
			files = (
				B667C7A327A12DBD00A6026A /* Preview Assets.xcassets in Resources */,
				B667C7A027A12DBD00A6026A /* Assets.xcassets in Resources */,
			);
			runOnlyForDeploymentPostprocessing = 0;
		};
/* End PBXResourcesBuildPhase section */

/* Begin PBXSourcesBuildPhase section */
		B667C79427A12DBA00A6026A /* Sources */ = {
			isa = PBXSourcesBuildPhase;
			buildActionMask = 2147483647;
			files = (
				B653207227A17C620084A7CD /* SearchResultSection.swift in Sources */,
				B63D651F27A12EC700BA92FB /* SearchScene.swift in Sources */,
				B63D653627A1556800BA92FB /* SearchSceneModel.swift in Sources */,
				B63D652D27A130E500BA92FB /* NaverSearchAPI.swift in Sources */,
				B63D652427A12FB900BA92FB /* SettingsScene.swift in Sources */,
				B63D653927A16A8700BA92FB /* NaverShopSearch.swift in Sources */,
				B653207027A17C580084A7CD /* KeywordSection.swift in Sources */,
				B63D653427A1547400BA92FB /* SettingsSceneModel.swift in Sources */,
				B667C79C27A12DBA00A6026A /* Naver_Shopping_CartApp.swift in Sources */,
				B63D653027A1347300BA92FB /* NaverShopSearchResult.swift in Sources */,
				B63D652127A12ED400BA92FB /* SearchSceneInterface.swift in Sources */,
				B63D652627A12FC400BA92FB /* SettingsSceneInterface.swift in Sources */,
			);
			runOnlyForDeploymentPostprocessing = 0;
		};
/* End PBXSourcesBuildPhase section */

/* Begin XCBuildConfiguration section */
		B667C7A427A12DBD00A6026A /* Debug */ = {
			isa = XCBuildConfiguration;
			buildSettings = {
				ALWAYS_SEARCH_USER_PATHS = NO;
				CLANG_ANALYZER_NONNULL = YES;
				CLANG_ANALYZER_NUMBER_OBJECT_CONVERSION = YES_AGGRESSIVE;
				CLANG_CXX_LANGUAGE_STANDARD = "gnu++17";
				CLANG_CXX_LIBRARY = "libc++";
				CLANG_ENABLE_MODULES = YES;
				CLANG_ENABLE_OBJC_ARC = YES;
				CLANG_ENABLE_OBJC_WEAK = YES;
				CLANG_WARN_BLOCK_CAPTURE_AUTORELEASING = YES;
				CLANG_WARN_BOOL_CONVERSION = YES;
				CLANG_WARN_COMMA = YES;
				CLANG_WARN_CONSTANT_CONVERSION = YES;
				CLANG_WARN_DEPRECATED_OBJC_IMPLEMENTATIONS = YES;
				CLANG_WARN_DIRECT_OBJC_ISA_USAGE = YES_ERROR;
				CLANG_WARN_DOCUMENTATION_COMMENTS = YES;
				CLANG_WARN_EMPTY_BODY = YES;
				CLANG_WARN_ENUM_CONVERSION = YES;
				CLANG_WARN_INFINITE_RECURSION = YES;
				CLANG_WARN_INT_CONVERSION = YES;
				CLANG_WARN_NON_LITERAL_NULL_CONVERSION = YES;
				CLANG_WARN_OBJC_IMPLICIT_RETAIN_SELF = YES;
				CLANG_WARN_OBJC_LITERAL_CONVERSION = YES;
				CLANG_WARN_OBJC_ROOT_CLASS = YES_ERROR;
				CLANG_WARN_QUOTED_INCLUDE_IN_FRAMEWORK_HEADER = YES;
				CLANG_WARN_RANGE_LOOP_ANALYSIS = YES;
				CLANG_WARN_STRICT_PROTOTYPES = YES;
				CLANG_WARN_SUSPICIOUS_MOVE = YES;
				CLANG_WARN_UNGUARDED_AVAILABILITY = YES_AGGRESSIVE;
				CLANG_WARN_UNREACHABLE_CODE = YES;
				CLANG_WARN__DUPLICATE_METHOD_MATCH = YES;
				COPY_PHASE_STRIP = NO;
				DEBUG_INFORMATION_FORMAT = dwarf;
				ENABLE_STRICT_OBJC_MSGSEND = YES;
				ENABLE_TESTABILITY = YES;
				GCC_C_LANGUAGE_STANDARD = gnu11;
				GCC_DYNAMIC_NO_PIC = NO;
				GCC_NO_COMMON_BLOCKS = YES;
				GCC_OPTIMIZATION_LEVEL = 0;
				GCC_PREPROCESSOR_DEFINITIONS = (
					"DEBUG=1",
					"$(inherited)",
				);
				GCC_WARN_64_TO_32_BIT_CONVERSION = YES;
				GCC_WARN_ABOUT_RETURN_TYPE = YES_ERROR;
				GCC_WARN_UNDECLARED_SELECTOR = YES;
				GCC_WARN_UNINITIALIZED_AUTOS = YES_AGGRESSIVE;
				GCC_WARN_UNUSED_FUNCTION = YES;
				GCC_WARN_UNUSED_VARIABLE = YES;
				IPHONEOS_DEPLOYMENT_TARGET = 15.2;
				MTL_ENABLE_DEBUG_INFO = INCLUDE_SOURCE;
				MTL_FAST_MATH = YES;
				ONLY_ACTIVE_ARCH = YES;
				SDKROOT = iphoneos;
				SWIFT_ACTIVE_COMPILATION_CONDITIONS = DEBUG;
				SWIFT_OPTIMIZATION_LEVEL = "-Onone";
			};
			name = Debug;
		};
		B667C7A527A12DBD00A6026A /* Release */ = {
			isa = XCBuildConfiguration;
			buildSettings = {
				ALWAYS_SEARCH_USER_PATHS = NO;
				CLANG_ANALYZER_NONNULL = YES;
				CLANG_ANALYZER_NUMBER_OBJECT_CONVERSION = YES_AGGRESSIVE;
				CLANG_CXX_LANGUAGE_STANDARD = "gnu++17";
				CLANG_CXX_LIBRARY = "libc++";
				CLANG_ENABLE_MODULES = YES;
				CLANG_ENABLE_OBJC_ARC = YES;
				CLANG_ENABLE_OBJC_WEAK = YES;
				CLANG_WARN_BLOCK_CAPTURE_AUTORELEASING = YES;
				CLANG_WARN_BOOL_CONVERSION = YES;
				CLANG_WARN_COMMA = YES;
				CLANG_WARN_CONSTANT_CONVERSION = YES;
				CLANG_WARN_DEPRECATED_OBJC_IMPLEMENTATIONS = YES;
				CLANG_WARN_DIRECT_OBJC_ISA_USAGE = YES_ERROR;
				CLANG_WARN_DOCUMENTATION_COMMENTS = YES;
				CLANG_WARN_EMPTY_BODY = YES;
				CLANG_WARN_ENUM_CONVERSION = YES;
				CLANG_WARN_INFINITE_RECURSION = YES;
				CLANG_WARN_INT_CONVERSION = YES;
				CLANG_WARN_NON_LITERAL_NULL_CONVERSION = YES;
				CLANG_WARN_OBJC_IMPLICIT_RETAIN_SELF = YES;
				CLANG_WARN_OBJC_LITERAL_CONVERSION = YES;
				CLANG_WARN_OBJC_ROOT_CLASS = YES_ERROR;
				CLANG_WARN_QUOTED_INCLUDE_IN_FRAMEWORK_HEADER = YES;
				CLANG_WARN_RANGE_LOOP_ANALYSIS = YES;
				CLANG_WARN_STRICT_PROTOTYPES = YES;
				CLANG_WARN_SUSPICIOUS_MOVE = YES;
				CLANG_WARN_UNGUARDED_AVAILABILITY = YES_AGGRESSIVE;
				CLANG_WARN_UNREACHABLE_CODE = YES;
				CLANG_WARN__DUPLICATE_METHOD_MATCH = YES;
				COPY_PHASE_STRIP = NO;
				DEBUG_INFORMATION_FORMAT = "dwarf-with-dsym";
				ENABLE_NS_ASSERTIONS = NO;
				ENABLE_STRICT_OBJC_MSGSEND = YES;
				GCC_C_LANGUAGE_STANDARD = gnu11;
				GCC_NO_COMMON_BLOCKS = YES;
				GCC_WARN_64_TO_32_BIT_CONVERSION = YES;
				GCC_WARN_ABOUT_RETURN_TYPE = YES_ERROR;
				GCC_WARN_UNDECLARED_SELECTOR = YES;
				GCC_WARN_UNINITIALIZED_AUTOS = YES_AGGRESSIVE;
				GCC_WARN_UNUSED_FUNCTION = YES;
				GCC_WARN_UNUSED_VARIABLE = YES;
				IPHONEOS_DEPLOYMENT_TARGET = 15.2;
				MTL_ENABLE_DEBUG_INFO = NO;
				MTL_FAST_MATH = YES;
				SDKROOT = iphoneos;
				SWIFT_COMPILATION_MODE = wholemodule;
				SWIFT_OPTIMIZATION_LEVEL = "-O";
				VALIDATE_PRODUCT = YES;
			};
			name = Release;
		};
		B667C7A727A12DBD00A6026A /* Debug */ = {
			isa = XCBuildConfiguration;
			buildSettings = {
				ASSETCATALOG_COMPILER_APPICON_NAME = AppIcon;
				ASSETCATALOG_COMPILER_GLOBAL_ACCENT_COLOR_NAME = AccentColor;
				CODE_SIGN_STYLE = Automatic;
				CURRENT_PROJECT_VERSION = 1;
				DEVELOPMENT_ASSET_PATHS = "\"Naver_Shopping_Cart/Preview Content\"";
				DEVELOPMENT_TEAM = G4WECBB963;
				ENABLE_PREVIEWS = YES;
				GENERATE_INFOPLIST_FILE = YES;
				INFOPLIST_KEY_UIApplicationSceneManifest_Generation = YES;
				INFOPLIST_KEY_UIApplicationSupportsIndirectInputEvents = YES;
				INFOPLIST_KEY_UILaunchScreen_Generation = YES;
				INFOPLIST_KEY_UISupportedInterfaceOrientations_iPad = "UIInterfaceOrientationPortrait UIInterfaceOrientationPortraitUpsideDown UIInterfaceOrientationLandscapeLeft UIInterfaceOrientationLandscapeRight";
				INFOPLIST_KEY_UISupportedInterfaceOrientations_iPhone = "UIInterfaceOrientationPortrait UIInterfaceOrientationLandscapeLeft UIInterfaceOrientationLandscapeRight";
				LD_RUNPATH_SEARCH_PATHS = (
					"$(inherited)",
					"@executable_path/Frameworks",
				);
				MARKETING_VERSION = 1.0;
				PRODUCT_BUNDLE_IDENTIFIER = "com.JaehyeonPark.Naver-Shopping-Cart";
				PRODUCT_NAME = "$(TARGET_NAME)";
				SWIFT_EMIT_LOC_STRINGS = YES;
				SWIFT_VERSION = 5.0;
				TARGETED_DEVICE_FAMILY = "1,2";
			};
			name = Debug;
		};
		B667C7A827A12DBD00A6026A /* Release */ = {
			isa = XCBuildConfiguration;
			buildSettings = {
				ASSETCATALOG_COMPILER_APPICON_NAME = AppIcon;
				ASSETCATALOG_COMPILER_GLOBAL_ACCENT_COLOR_NAME = AccentColor;
				CODE_SIGN_STYLE = Automatic;
				CURRENT_PROJECT_VERSION = 1;
				DEVELOPMENT_ASSET_PATHS = "\"Naver_Shopping_Cart/Preview Content\"";
				DEVELOPMENT_TEAM = G4WECBB963;
				ENABLE_PREVIEWS = YES;
				GENERATE_INFOPLIST_FILE = YES;
				INFOPLIST_KEY_UIApplicationSceneManifest_Generation = YES;
				INFOPLIST_KEY_UIApplicationSupportsIndirectInputEvents = YES;
				INFOPLIST_KEY_UILaunchScreen_Generation = YES;
				INFOPLIST_KEY_UISupportedInterfaceOrientations_iPad = "UIInterfaceOrientationPortrait UIInterfaceOrientationPortraitUpsideDown UIInterfaceOrientationLandscapeLeft UIInterfaceOrientationLandscapeRight";
				INFOPLIST_KEY_UISupportedInterfaceOrientations_iPhone = "UIInterfaceOrientationPortrait UIInterfaceOrientationLandscapeLeft UIInterfaceOrientationLandscapeRight";
				LD_RUNPATH_SEARCH_PATHS = (
					"$(inherited)",
					"@executable_path/Frameworks",
				);
				MARKETING_VERSION = 1.0;
				PRODUCT_BUNDLE_IDENTIFIER = "com.JaehyeonPark.Naver-Shopping-Cart";
				PRODUCT_NAME = "$(TARGET_NAME)";
				SWIFT_EMIT_LOC_STRINGS = YES;
				SWIFT_VERSION = 5.0;
				TARGETED_DEVICE_FAMILY = "1,2";
			};
			name = Release;
		};
/* End XCBuildConfiguration section */

/* Begin XCConfigurationList section */
		B667C79327A12DBA00A6026A /* Build configuration list for PBXProject "Naver_Shopping_Cart" */ = {
			isa = XCConfigurationList;
			buildConfigurations = (
				B667C7A427A12DBD00A6026A /* Debug */,
				B667C7A527A12DBD00A6026A /* Release */,
			);
			defaultConfigurationIsVisible = 0;
			defaultConfigurationName = Release;
		};
		B667C7A627A12DBD00A6026A /* Build configuration list for PBXNativeTarget "Naver_Shopping_Cart" */ = {
			isa = XCConfigurationList;
			buildConfigurations = (
				B667C7A727A12DBD00A6026A /* Debug */,
				B667C7A827A12DBD00A6026A /* Release */,
			);
			defaultConfigurationIsVisible = 0;
			defaultConfigurationName = Release;
		};
/* End XCConfigurationList section */
	};
	rootObject = B667C79027A12DBA00A6026A /* Project object */;
}
